Microsoft Visual Studio Solution File, Format Version 12.00
# Visual Studio Version 17
VisualStudioVersion = 17.0.31903.59
MinimumVisualStudioVersion = 10.0.40219.1
Project("{FAE04EC0-301F-11D3-BF4B-00C04F79EFBC}") = "Paradise.ECS", "src\Paradise.ECS\Paradise.ECS.csproj", "{E291A974-8721-46A6-A29A-30F9AA77E0EA}"
EndProject
Project("{FAE04EC0-301F-11D3-BF4B-00C04F79EFBC}") = "Paradise.ECS.Test", "src\Paradise.ECS.Test\Paradise.ECS.Test.csproj", "{408F5F0E-77D8-4CE4-BB0D-CA6F99836A3A}"
EndProject
Global
	GlobalSection(SolutionConfigurationPlatforms) = preSolution
		Debug|Any CPU = Debug|Any CPU
		Release|Any CPU = Release|Any CPU
	EndGlobalSection
	GlobalSection(ProjectConfigurationPlatforms) = postSolution
		{E291A974-8721-46A6-A29A-30F9AA77E0EA}.Debug|Any CPU.ActiveCfg = Debug|Any CPU
		{E291A974-8721-46A6-A29A-30F9AA77E0EA}.Debug|Any CPU.Build.0 = Debug|Any CPU
		{E291A974-8721-46A6-A29A-30F9AA77E0EA}.Release|Any CPU.ActiveCfg = Release|Any CPU
		{E291A974-8721-46A6-A29A-30F9AA77E0EA}.Release|Any CPU.Build.0 = Release|Any CPU
		{408F5F0E-77D8-4CE4-BB0D-CA6F99836A3A}.Debug|Any CPU.ActiveCfg = Debug|Any CPU
		{408F5F0E-77D8-4CE4-BB0D-CA6F99836A3A}.Debug|Any CPU.Build.0 = Debug|Any CPU
		{408F5F0E-77D8-4CE4-BB0D-CA6F99836A3A}.Release|Any CPU.ActiveCfg = Release|Any CPU
		{408F5F0E-77D8-4CE4-BB0D-CA6F99836A3A}.Release|Any CPU.Build.0 = Release|Any CPU
	EndGlobalSection
	GlobalSection(SolutionProperties) = preSolution
		HideSolutionNode = FALSE
	EndGlobalSection
	GlobalSection(NestedProjects) = preSolution
	EndGlobalSection
EndGlobal
